
Microsoft Visual Studio Solution File, Format Version 12.00
# Visual Studio Version 17
VisualStudioVersion = 17.5.002.0
MinimumVisualStudioVersion = 10.0.40219.1
Project("{9A19103F-16F7-4668-BE54-9A1E7A4F7556}") = "PrintColour", "PrintColour.csproj", "{7519D9DC-F1C3-4EB7-849E-6B78850CCACD}"
EndProject
Global
	GlobalSection(SolutionConfigurationPlatforms) = preSolution
		Debug|Any CPU = Debug|Any CPU
		Release|Any CPU = Release|Any CPU
	EndGlobalSection
	GlobalSection(ProjectConfigurationPlatforms) = postSolution
		{7519D9DC-F1C3-4EB7-849E-6B78850CCACD}.Debug|Any CPU.ActiveCfg = Debug|Any CPU
		{7519D9DC-F1C3-4EB7-849E-6B78850CCACD}.Debug|Any CPU.Build.0 = Debug|Any CPU
		{7519D9DC-F1C3-4EB7-849E-6B78850CCACD}.Release|Any CPU.ActiveCfg = Release|Any CPU
		{7519D9DC-F1C3-4EB7-849E-6B78850CCACD}.Release|Any CPU.Build.0 = Release|Any CPU
	EndGlobalSection
	GlobalSection(SolutionProperties) = preSolution
		HideSolutionNode = FALSE
	EndGlobalSection
	GlobalSection(ExtensibilityGlobals) = postSolution
		SolutionGuid = {6F62BEE9-A743-4E00-993F-F3410B69A133}
	EndGlobalSection
EndGlobal
